// !$*UTF8*$!
{
	archiveVersion = 1;
	classes = {
	};
	objectVersion = 55;
	objects = {

/* Begin PBXBuildFile section */
		669E1783273E8C7D000FAB94 /* AppDelegate.swift in Sources */ = {isa = PBXBuildFile; fileRef = 669E1782273E8C7D000FAB94 /* AppDelegate.swift */; };
		669E1785273E8C7D000FAB94 /* SceneDelegate.swift in Sources */ = {isa = PBXBuildFile; fileRef = 669E1784273E8C7D000FAB94 /* SceneDelegate.swift */; };
		669E1787273E8C7D000FAB94 /* ViewController.swift in Sources */ = {isa = PBXBuildFile; fileRef = 669E1786273E8C7D000FAB94 /* ViewController.swift */; };
		669E178A273E8C7D000FAB94 /* Main.storyboard in Resources */ = {isa = PBXBuildFile; fileRef = 669E1788273E8C7D000FAB94 /* Main.storyboard */; };
		669E178C273E8C81000FAB94 /* Assets.xcassets in Resources */ = {isa = PBXBuildFile; fileRef = 669E178B273E8C81000FAB94 /* Assets.xcassets */; };
		669E178F273E8C81000FAB94 /* LaunchScreen.storyboard in Resources */ = {isa = PBXBuildFile; fileRef = 669E178D273E8C81000FAB94 /* LaunchScreen.storyboard */; };
		669E179A273E8C82000FAB94 /* MVP_imperativeTests.swift in Sources */ = {isa = PBXBuildFile; fileRef = 669E1799273E8C82000FAB94 /* MVP_imperativeTests.swift */; };
		669E17A4273E8C82000FAB94 /* MVP_imperativeUITests.swift in Sources */ = {isa = PBXBuildFile; fileRef = 669E17A3273E8C82000FAB94 /* MVP_imperativeUITests.swift */; };
		669E17A6273E8C82000FAB94 /* MVP_imperativeUITestsLaunchTests.swift in Sources */ = {isa = PBXBuildFile; fileRef = 669E17A5273E8C82000FAB94 /* MVP_imperativeUITestsLaunchTests.swift */; };
/* End PBXBuildFile section */

/* Begin PBXContainerItemProxy section */
		669E1796273E8C82000FAB94 /* PBXContainerItemProxy */ = {
			isa = PBXContainerItemProxy;
			containerPortal = 669E1777273E8C7D000FAB94 /* Project object */;
			proxyType = 1;
			remoteGlobalIDString = 669E177E273E8C7D000FAB94;
			remoteInfo = MVP_imperative;
		};
		669E17A0273E8C82000FAB94 /* PBXContainerItemProxy */ = {
			isa = PBXContainerItemProxy;
			containerPortal = 669E1777273E8C7D000FAB94 /* Project object */;
			proxyType = 1;
			remoteGlobalIDString = 669E177E273E8C7D000FAB94;
			remoteInfo = MVP_imperative;
		};
/* End PBXContainerItemProxy section */

/* Begin PBXFileReference section */
		669E177F273E8C7D000FAB94 /* MVP_imperative.app */ = {isa = PBXFileReference; explicitFileType = wrapper.application; includeInIndex = 0; path = MVP_imperative.app; sourceTree = BUILT_PRODUCTS_DIR; };
		669E1782273E8C7D000FAB94 /* AppDelegate.swift */ = {isa = PBXFileReference; lastKnownFileType = sourcecode.swift; path = AppDelegate.swift; sourceTree = "<group>"; };
		669E1784273E8C7D000FAB94 /* SceneDelegate.swift */ = {isa = PBXFileReference; lastKnownFileType = sourcecode.swift; path = SceneDelegate.swift; sourceTree = "<group>"; };
		669E1786273E8C7D000FAB94 /* ViewController.swift */ = {isa = PBXFileReference; lastKnownFileType = sourcecode.swift; path = ViewController.swift; sourceTree = "<group>"; };
		669E1789273E8C7D000FAB94 /* Base */ = {isa = PBXFileReference; lastKnownFileType = file.storyboard; name = Base; path = Base.lproj/Main.storyboard; sourceTree = "<group>"; };
		669E178B273E8C81000FAB94 /* Assets.xcassets */ = {isa = PBXFileReference; lastKnownFileType = folder.assetcatalog; path = Assets.xcassets; sourceTree = "<group>"; };
		669E178E273E8C81000FAB94 /* Base */ = {isa = PBXFileReference; lastKnownFileType = file.storyboard; name = Base; path = Base.lproj/LaunchScreen.storyboard; sourceTree = "<group>"; };
		669E1790273E8C81000FAB94 /* Info.plist */ = {isa = PBXFileReference; lastKnownFileType = text.plist.xml; path = Info.plist; sourceTree = "<group>"; };
		669E1795273E8C82000FAB94 /* MVP_imperativeTests.xctest */ = {isa = PBXFileReference; explicitFileType = wrapper.cfbundle; includeInIndex = 0; path = MVP_imperativeTests.xctest; sourceTree = BUILT_PRODUCTS_DIR; };
		669E1799273E8C82000FAB94 /* MVP_imperativeTests.swift */ = {isa = PBXFileReference; lastKnownFileType = sourcecode.swift; path = MVP_imperativeTests.swift; sourceTree = "<group>"; };
		669E179F273E8C82000FAB94 /* MVP_imperativeUITests.xctest */ = {isa = PBXFileReference; explicitFileType = wrapper.cfbundle; includeInIndex = 0; path = MVP_imperativeUITests.xctest; sourceTree = BUILT_PRODUCTS_DIR; };
		669E17A3273E8C82000FAB94 /* MVP_imperativeUITests.swift */ = {isa = PBXFileReference; lastKnownFileType = sourcecode.swift; path = MVP_imperativeUITests.swift; sourceTree = "<group>"; };
		669E17A5273E8C82000FAB94 /* MVP_imperativeUITestsLaunchTests.swift */ = {isa = PBXFileReference; lastKnownFileType = sourcecode.swift; path = MVP_imperativeUITestsLaunchTests.swift; sourceTree = "<group>"; };
/* End PBXFileReference section */

/* Begin PBXFrameworksBuildPhase section */
		669E177C273E8C7D000FAB94 /* Frameworks */ = {
			isa = PBXFrameworksBuildPhase;
			buildActionMask = 2147483647;
			files = (
			);
			runOnlyForDeploymentPostprocessing = 0;
		};
		669E1792273E8C82000FAB94 /* Frameworks */ = {
			isa = PBXFrameworksBuildPhase;
			buildActionMask = 2147483647;
			files = (
			);
			runOnlyForDeploymentPostprocessing = 0;
		};
		669E179C273E8C82000FAB94 /* Frameworks */ = {
			isa = PBXFrameworksBuildPhase;
			buildActionMask = 2147483647;
			files = (
			);
			runOnlyForDeploymentPostprocessing = 0;
		};
/* End PBXFrameworksBuildPhase section */

/* Begin PBXGroup section */
		669E1776273E8C7D000FAB94 = {
			isa = PBXGroup;
			children = (
				669E1781273E8C7D000FAB94 /* MVP_imperative */,
				669E1798273E8C82000FAB94 /* MVP_imperativeTests */,
				669E17A2273E8C82000FAB94 /* MVP_imperativeUITests */,
				669E1780273E8C7D000FAB94 /* Products */,
			);
			sourceTree = "<group>";
		};
		669E1780273E8C7D000FAB94 /* Products */ = {
			isa = PBXGroup;
			children = (
				669E177F273E8C7D000FAB94 /* MVP_imperative.app */,
				669E1795273E8C82000FAB94 /* MVP_imperativeTests.xctest */,
				669E179F273E8C82000FAB94 /* MVP_imperativeUITests.xctest */,
			);
			name = Products;
			sourceTree = "<group>";
		};
		669E1781273E8C7D000FAB94 /* MVP_imperative */ = {
			isa = PBXGroup;
			children = (
				669E1782273E8C7D000FAB94 /* AppDelegate.swift */,
				669E1784273E8C7D000FAB94 /* SceneDelegate.swift */,
				669E1786273E8C7D000FAB94 /* ViewController.swift */,
				669E1788273E8C7D000FAB94 /* Main.storyboard */,
				669E178B273E8C81000FAB94 /* Assets.xcassets */,
				669E178D273E8C81000FAB94 /* LaunchScreen.storyboard */,
				669E1790273E8C81000FAB94 /* Info.plist */,
			);
			path = MVP_imperative;
			sourceTree = "<group>";
		};
		669E1798273E8C82000FAB94 /* MVP_imperativeTests */ = {
			isa = PBXGroup;
			children = (
				669E1799273E8C82000FAB94 /* MVP_imperativeTests.swift */,
			);
			path = MVP_imperativeTests;
			sourceTree = "<group>";
		};
		669E17A2273E8C82000FAB94 /* MVP_imperativeUITests */ = {
			isa = PBXGroup;
			children = (
				669E17A3273E8C82000FAB94 /* MVP_imperativeUITests.swift */,
				669E17A5273E8C82000FAB94 /* MVP_imperativeUITestsLaunchTests.swift */,
			);
			path = MVP_imperativeUITests;
			sourceTree = "<group>";
		};
/* End PBXGroup section */

/* Begin PBXNativeTarget section */
		669E177E273E8C7D000FAB94 /* MVP_imperative */ = {
			isa = PBXNativeTarget;
			buildConfigurationList = 669E17A9273E8C82000FAB94 /* Build configuration list for PBXNativeTarget "MVP_imperative" */;
			buildPhases = (
				669E177B273E8C7D000FAB94 /* Sources */,
				669E177C273E8C7D000FAB94 /* Frameworks */,
				669E177D273E8C7D000FAB94 /* Resources */,
			);
			buildRules = (
			);
			dependencies = (
			);
			name = MVP_imperative;
			productName = MVP_imperative;
			productReference = 669E177F273E8C7D000FAB94 /* MVP_imperative.app */;
			productType = "com.apple.product-type.application";
		};
		669E1794273E8C82000FAB94 /* MVP_imperativeTests */ = {
			isa = PBXNativeTarget;
			buildConfigurationList = 669E17AC273E8C82000FAB94 /* Build configuration list for PBXNativeTarget "MVP_imperativeTests" */;
			buildPhases = (
				669E1791273E8C82000FAB94 /* Sources */,
				669E1792273E8C82000FAB94 /* Frameworks */,
				669E1793273E8C82000FAB94 /* Resources */,
			);
			buildRules = (
			);
			dependencies = (
				669E1797273E8C82000FAB94 /* PBXTargetDependency */,
			);
			name = MVP_imperativeTests;
			productName = MVP_imperativeTests;
			productReference = 669E1795273E8C82000FAB94 /* MVP_imperativeTests.xctest */;
			productType = "com.apple.product-type.bundle.unit-test";
		};
		669E179E273E8C82000FAB94 /* MVP_imperativeUITests */ = {
			isa = PBXNativeTarget;
			buildConfigurationList = 669E17AF273E8C82000FAB94 /* Build configuration list for PBXNativeTarget "MVP_imperativeUITests" */;
			buildPhases = (
				669E179B273E8C82000FAB94 /* Sources */,
				669E179C273E8C82000FAB94 /* Frameworks */,
				669E179D273E8C82000FAB94 /* Resources */,
			);
			buildRules = (
			);
			dependencies = (
				669E17A1273E8C82000FAB94 /* PBXTargetDependency */,
			);
			name = MVP_imperativeUITests;
			productName = MVP_imperativeUITests;
			productReference = 669E179F273E8C82000FAB94 /* MVP_imperativeUITests.xctest */;
			productType = "com.apple.product-type.bundle.ui-testing";
		};
/* End PBXNativeTarget section */

/* Begin PBXProject section */
		669E1777273E8C7D000FAB94 /* Project object */ = {
			isa = PBXProject;
			attributes = {
				BuildIndependentTargetsInParallel = 1;
				LastSwiftUpdateCheck = 1310;
				LastUpgradeCheck = 1310;
				TargetAttributes = {
					669E177E273E8C7D000FAB94 = {
						CreatedOnToolsVersion = 13.1;
					};
					669E1794273E8C82000FAB94 = {
						CreatedOnToolsVersion = 13.1;
						TestTargetID = 669E177E273E8C7D000FAB94;
					};
					669E179E273E8C82000FAB94 = {
						CreatedOnToolsVersion = 13.1;
						TestTargetID = 669E177E273E8C7D000FAB94;
					};
				};
			};
			buildConfigurationList = 669E177A273E8C7D000FAB94 /* Build configuration list for PBXProject "MVP_imperative" */;
			compatibilityVersion = "Xcode 13.0";
			developmentRegion = en;
			hasScannedForEncodings = 0;
			knownRegions = (
				en,
				Base,
			);
			mainGroup = 669E1776273E8C7D000FAB94;
			productRefGroup = 669E1780273E8C7D000FAB94 /* Products */;
			projectDirPath = "";
			projectRoot = "";
			targets = (
				669E177E273E8C7D000FAB94 /* MVP_imperative */,
				669E1794273E8C82000FAB94 /* MVP_imperativeTests */,
				669E179E273E8C82000FAB94 /* MVP_imperativeUITests */,
			);
		};
/* End PBXProject section */

/* Begin PBXResourcesBuildPhase section */
		669E177D273E8C7D000FAB94 /* Resources */ = {
			isa = PBXResourcesBuildPhase;
			buildActionMask = 2147483647;
			files = (
				669E178F273E8C81000FAB94 /* LaunchScreen.storyboard in Resources */,
				669E178C273E8C81000FAB94 /* Assets.xcassets in Resources */,
				669E178A273E8C7D000FAB94 /* Main.storyboard in Resources */,
			);
			runOnlyForDeploymentPostprocessing = 0;
		};
		669E1793273E8C82000FAB94 /* Resources */ = {
			isa = PBXResourcesBuildPhase;
			buildActionMask = 2147483647;
			files = (
			);
			runOnlyForDeploymentPostprocessing = 0;
		};
		669E179D273E8C82000FAB94 /* Resources */ = {
			isa = PBXResourcesBuildPhase;
			buildActionMask = 2147483647;
			files = (
			);
			runOnlyForDeploymentPostprocessing = 0;
		};
/* End PBXResourcesBuildPhase section */

/* Begin PBXSourcesBuildPhase section */
		669E177B273E8C7D000FAB94 /* Sources */ = {
			isa = PBXSourcesBuildPhase;
			buildActionMask = 2147483647;
			files = (
				669E1787273E8C7D000FAB94 /* ViewController.swift in Sources */,
				669E1783273E8C7D000FAB94 /* AppDelegate.swift in Sources */,
				669E1785273E8C7D000FAB94 /* SceneDelegate.swift in Sources */,
			);
			runOnlyForDeploymentPostprocessing = 0;
		};
		669E1791273E8C82000FAB94 /* Sources */ = {
			isa = PBXSourcesBuildPhase;
			buildActionMask = 2147483647;
			files = (
				669E179A273E8C82000FAB94 /* MVP_imperativeTests.swift in Sources */,
			);
			runOnlyForDeploymentPostprocessing = 0;
		};
		669E179B273E8C82000FAB94 /* Sources */ = {
			isa = PBXSourcesBuildPhase;
			buildActionMask = 2147483647;
			files = (
				669E17A6273E8C82000FAB94 /* MVP_imperativeUITestsLaunchTests.swift in Sources */,
				669E17A4273E8C82000FAB94 /* MVP_imperativeUITests.swift in Sources */,
			);
			runOnlyForDeploymentPostprocessing = 0;
		};
/* End PBXSourcesBuildPhase section */

/* Begin PBXTargetDependency section */
		669E1797273E8C82000FAB94 /* PBXTargetDependency */ = {
			isa = PBXTargetDependency;
			target = 669E177E273E8C7D000FAB94 /* MVP_imperative */;
			targetProxy = 669E1796273E8C82000FAB94 /* PBXContainerItemProxy */;
		};
		669E17A1273E8C82000FAB94 /* PBXTargetDependency */ = {
			isa = PBXTargetDependency;
			target = 669E177E273E8C7D000FAB94 /* MVP_imperative */;
			targetProxy = 669E17A0273E8C82000FAB94 /* PBXContainerItemProxy */;
		};
/* End PBXTargetDependency section */

/* Begin PBXVariantGroup section */
		669E1788273E8C7D000FAB94 /* Main.storyboard */ = {
			isa = PBXVariantGroup;
			children = (
				669E1789273E8C7D000FAB94 /* Base */,
			);
			name = Main.storyboard;
			sourceTree = "<group>";
		};
		669E178D273E8C81000FAB94 /* LaunchScreen.storyboard */ = {
			isa = PBXVariantGroup;
			children = (
				669E178E273E8C81000FAB94 /* Base */,
			);
			name = LaunchScreen.storyboard;
			sourceTree = "<group>";
		};
/* End PBXVariantGroup section */

/* Begin XCBuildConfiguration section */
		669E17A7273E8C82000FAB94 /* Debug */ = {
			isa = XCBuildConfiguration;
			buildSettings = {
				ALWAYS_SEARCH_USER_PATHS = NO;
				CLANG_ANALYZER_NONNULL = YES;
				CLANG_ANALYZER_NUMBER_OBJECT_CONVERSION = YES_AGGRESSIVE;
				CLANG_CXX_LANGUAGE_STANDARD = "gnu++17";
				CLANG_CXX_LIBRARY = "libc++";
				CLANG_ENABLE_MODULES = YES;
				CLANG_ENABLE_OBJC_ARC = YES;
				CLANG_ENABLE_OBJC_WEAK = YES;
				CLANG_WARN_BLOCK_CAPTURE_AUTORELEASING = YES;
				CLANG_WARN_BOOL_CONVERSION = YES;
				CLANG_WARN_COMMA = YES;
				CLANG_WARN_CONSTANT_CONVERSION = YES;
				CLANG_WARN_DEPRECATED_OBJC_IMPLEMENTATIONS = YES;
				CLANG_WARN_DIRECT_OBJC_ISA_USAGE = YES_ERROR;
				CLANG_WARN_DOCUMENTATION_COMMENTS = YES;
				CLANG_WARN_EMPTY_BODY = YES;
				CLANG_WARN_ENUM_CONVERSION = YES;
				CLANG_WARN_INFINITE_RECURSION = YES;
				CLANG_WARN_INT_CONVERSION = YES;
				CLANG_WARN_NON_LITERAL_NULL_CONVERSION = YES;
				CLANG_WARN_OBJC_IMPLICIT_RETAIN_SELF = YES;
				CLANG_WARN_OBJC_LITERAL_CONVERSION = YES;
				CLANG_WARN_OBJC_ROOT_CLASS = YES_ERROR;
				CLANG_WARN_QUOTED_INCLUDE_IN_FRAMEWORK_HEADER = YES;
				CLANG_WARN_RANGE_LOOP_ANALYSIS = YES;
				CLANG_WARN_STRICT_PROTOTYPES = YES;
				CLANG_WARN_SUSPICIOUS_MOVE = YES;
				CLANG_WARN_UNGUARDED_AVAILABILITY = YES_AGGRESSIVE;
				CLANG_WARN_UNREACHABLE_CODE = YES;
				CLANG_WARN__DUPLICATE_METHOD_MATCH = YES;
				COPY_PHASE_STRIP = NO;
				DEBUG_INFORMATION_FORMAT = dwarf;
				ENABLE_STRICT_OBJC_MSGSEND = YES;
				ENABLE_TESTABILITY = YES;
				GCC_C_LANGUAGE_STANDARD = gnu11;
				GCC_DYNAMIC_NO_PIC = NO;
				GCC_NO_COMMON_BLOCKS = YES;
				GCC_OPTIMIZATION_LEVEL = 0;
				GCC_PREPROCESSOR_DEFINITIONS = (
					"DEBUG=1",
					"$(inherited)",
				);
				GCC_WARN_64_TO_32_BIT_CONVERSION = YES;
				GCC_WARN_ABOUT_RETURN_TYPE = YES_ERROR;
				GCC_WARN_UNDECLARED_SELECTOR = YES;
				GCC_WARN_UNINITIALIZED_AUTOS = YES_AGGRESSIVE;
				GCC_WARN_UNUSED_FUNCTION = YES;
				GCC_WARN_UNUSED_VARIABLE = YES;
				IPHONEOS_DEPLOYMENT_TARGET = 15.0;
				MTL_ENABLE_DEBUG_INFO = INCLUDE_SOURCE;
				MTL_FAST_MATH = YES;
				ONLY_ACTIVE_ARCH = YES;
				SDKROOT = iphoneos;
				SWIFT_ACTIVE_COMPILATION_CONDITIONS = DEBUG;
				SWIFT_OPTIMIZATION_LEVEL = "-Onone";
			};
			name = Debug;
		};
		669E17A8273E8C82000FAB94 /* Release */ = {
			isa = XCBuildConfiguration;
			buildSettings = {
				ALWAYS_SEARCH_USER_PATHS = NO;
				CLANG_ANALYZER_NONNULL = YES;
				CLANG_ANALYZER_NUMBER_OBJECT_CONVERSION = YES_AGGRESSIVE;
				CLANG_CXX_LANGUAGE_STANDARD = "gnu++17";
				CLANG_CXX_LIBRARY = "libc++";
				CLANG_ENABLE_MODULES = YES;
				CLANG_ENABLE_OBJC_ARC = YES;
				CLANG_ENABLE_OBJC_WEAK = YES;
				CLANG_WARN_BLOCK_CAPTURE_AUTORELEASING = YES;
				CLANG_WARN_BOOL_CONVERSION = YES;
				CLANG_WARN_COMMA = YES;
				CLANG_WARN_CONSTANT_CONVERSION = YES;
				CLANG_WARN_DEPRECATED_OBJC_IMPLEMENTATIONS = YES;
				CLANG_WARN_DIRECT_OBJC_ISA_USAGE = YES_ERROR;
				CLANG_WARN_DOCUMENTATION_COMMENTS = YES;
				CLANG_WARN_EMPTY_BODY = YES;
				CLANG_WARN_ENUM_CONVERSION = YES;
				CLANG_WARN_INFINITE_RECURSION = YES;
				CLANG_WARN_INT_CONVERSION = YES;
				CLANG_WARN_NON_LITERAL_NULL_CONVERSION = YES;
				CLANG_WARN_OBJC_IMPLICIT_RETAIN_SELF = YES;
				CLANG_WARN_OBJC_LITERAL_CONVERSION = YES;
				CLANG_WARN_OBJC_ROOT_CLASS = YES_ERROR;
				CLANG_WARN_QUOTED_INCLUDE_IN_FRAMEWORK_HEADER = YES;
				CLANG_WARN_RANGE_LOOP_ANALYSIS = YES;
				CLANG_WARN_STRICT_PROTOTYPES = YES;
				CLANG_WARN_SUSPICIOUS_MOVE = YES;
				CLANG_WARN_UNGUARDED_AVAILABILITY = YES_AGGRESSIVE;
				CLANG_WARN_UNREACHABLE_CODE = YES;
				CLANG_WARN__DUPLICATE_METHOD_MATCH = YES;
				COPY_PHASE_STRIP = NO;
				DEBUG_INFORMATION_FORMAT = "dwarf-with-dsym";
				ENABLE_NS_ASSERTIONS = NO;
				ENABLE_STRICT_OBJC_MSGSEND = YES;
				GCC_C_LANGUAGE_STANDARD = gnu11;
				GCC_NO_COMMON_BLOCKS = YES;
				GCC_WARN_64_TO_32_BIT_CONVERSION = YES;
				GCC_WARN_ABOUT_RETURN_TYPE = YES_ERROR;
				GCC_WARN_UNDECLARED_SELECTOR = YES;
				GCC_WARN_UNINITIALIZED_AUTOS = YES_AGGRESSIVE;
				GCC_WARN_UNUSED_FUNCTION = YES;
				GCC_WARN_UNUSED_VARIABLE = YES;
				IPHONEOS_DEPLOYMENT_TARGET = 15.0;
				MTL_ENABLE_DEBUG_INFO = NO;
				MTL_FAST_MATH = YES;
				SDKROOT = iphoneos;
				SWIFT_COMPILATION_MODE = wholemodule;
				SWIFT_OPTIMIZATION_LEVEL = "-O";
				VALIDATE_PRODUCT = YES;
			};
			name = Release;
		};
		669E17AA273E8C82000FAB94 /* Debug */ = {
			isa = XCBuildConfiguration;
			buildSettings = {
				ASSETCATALOG_COMPILER_APPICON_NAME = AppIcon;
				ASSETCATALOG_COMPILER_GLOBAL_ACCENT_COLOR_NAME = AccentColor;
				CODE_SIGN_STYLE = Automatic;
				CURRENT_PROJECT_VERSION = 1;
				DEVELOPMENT_TEAM = 674895MZDB;
				GENERATE_INFOPLIST_FILE = YES;
				INFOPLIST_FILE = MVP_imperative/Info.plist;
				INFOPLIST_KEY_UIApplicationSupportsIndirectInputEvents = YES;
				INFOPLIST_KEY_UILaunchStoryboardName = LaunchScreen;
				INFOPLIST_KEY_UIMainStoryboardFile = Main;
				INFOPLIST_KEY_UISupportedInterfaceOrientations_iPad = "UIInterfaceOrientationPortrait UIInterfaceOrientationPortraitUpsideDown UIInterfaceOrientationLandscapeLeft UIInterfaceOrientationLandscapeRight";
				INFOPLIST_KEY_UISupportedInterfaceOrientations_iPhone = "UIInterfaceOrientationPortrait UIInterfaceOrientationLandscapeLeft UIInterfaceOrientationLandscapeRight";
				LD_RUNPATH_SEARCH_PATHS = (
					"$(inherited)",
					"@executable_path/Frameworks",
				);
				MARKETING_VERSION = 1.0;
				PRODUCT_BUNDLE_IDENTIFIER = "com.valid.MVP-imperative";
				PRODUCT_NAME = "$(TARGET_NAME)";
				SWIFT_EMIT_LOC_STRINGS = YES;
				SWIFT_VERSION = 5.0;
				TARGETED_DEVICE_FAMILY = "1,2";
			};
			name = Debug;
		};
		669E17AB273E8C82000FAB94 /* Release */ = {
			isa = XCBuildConfiguration;
			buildSettings = {
				ASSETCATALOG_COMPILER_APPICON_NAME = AppIcon;
				ASSETCATALOG_COMPILER_GLOBAL_ACCENT_COLOR_NAME = AccentColor;
				CODE_SIGN_STYLE = Automatic;
				CURRENT_PROJECT_VERSION = 1;
				DEVELOPMENT_TEAM = 674895MZDB;
				GENERATE_INFOPLIST_FILE = YES;
				INFOPLIST_FILE = MVP_imperative/Info.plist;
				INFOPLIST_KEY_UIApplicationSupportsIndirectInputEvents = YES;
				INFOPLIST_KEY_UILaunchStoryboardName = LaunchScreen;
				INFOPLIST_KEY_UIMainStoryboardFile = Main;
				INFOPLIST_KEY_UISupportedInterfaceOrientations_iPad = "UIInterfaceOrientationPortrait UIInterfaceOrientationPortraitUpsideDown UIInterfaceOrientationLandscapeLeft UIInterfaceOrientationLandscapeRight";
				INFOPLIST_KEY_UISupportedInterfaceOrientations_iPhone = "UIInterfaceOrientationPortrait UIInterfaceOrientationLandscapeLeft UIInterfaceOrientationLandscapeRight";
				LD_RUNPATH_SEARCH_PATHS = (
					"$(inherited)",
					"@executable_path/Frameworks",
				);
				MARKETING_VERSION = 1.0;
				PRODUCT_BUNDLE_IDENTIFIER = "com.valid.MVP-imperative";
				PRODUCT_NAME = "$(TARGET_NAME)";
				SWIFT_EMIT_LOC_STRINGS = YES;
				SWIFT_VERSION = 5.0;
				TARGETED_DEVICE_FAMILY = "1,2";
			};
			name = Release;
		};
		669E17AD273E8C82000FAB94 /* Debug */ = {
			isa = XCBuildConfiguration;
			buildSettings = {
				ALWAYS_EMBED_SWIFT_STANDARD_LIBRARIES = YES;
				BUNDLE_LOADER = "$(TEST_HOST)";
				CODE_SIGN_STYLE = Automatic;
				CURRENT_PROJECT_VERSION = 1;
				DEVELOPMENT_TEAM = 674895MZDB;
				GENERATE_INFOPLIST_FILE = YES;
				IPHONEOS_DEPLOYMENT_TARGET = 15.0;
				LD_RUNPATH_SEARCH_PATHS = (
					"$(inherited)",
					"@executable_path/Frameworks",
					"@loader_path/Frameworks",
				);
				MARKETING_VERSION = 1.0;
				PRODUCT_BUNDLE_IDENTIFIER = "com.valid.MVP-imperativeTests";
				PRODUCT_NAME = "$(TARGET_NAME)";
				SWIFT_EMIT_LOC_STRINGS = NO;
				SWIFT_VERSION = 5.0;
				TARGETED_DEVICE_FAMILY = "1,2";
				TEST_HOST = "$(BUILT_PRODUCTS_DIR)/MVP_imperative.app/MVP_imperative";
			};
			name = Debug;
		};
		669E17AE273E8C82000FAB94 /* Release */ = {
			isa = XCBuildConfiguration;
			buildSettings = {
				ALWAYS_EMBED_SWIFT_STANDARD_LIBRARIES = YES;
				BUNDLE_LOADER = "$(TEST_HOST)";
				CODE_SIGN_STYLE = Automatic;
				CURRENT_PROJECT_VERSION = 1;
				DEVELOPMENT_TEAM = 674895MZDB;
				GENERATE_INFOPLIST_FILE = YES;
				IPHONEOS_DEPLOYMENT_TARGET = 15.0;
				LD_RUNPATH_SEARCH_PATHS = (
					"$(inherited)",
					"@executable_path/Frameworks",
					"@loader_path/Frameworks",
				);
				MARKETING_VERSION = 1.0;
				PRODUCT_BUNDLE_IDENTIFIER = "com.valid.MVP-imperativeTests";
				PRODUCT_NAME = "$(TARGET_NAME)";
				SWIFT_EMIT_LOC_STRINGS = NO;
				SWIFT_VERSION = 5.0;
				TARGETED_DEVICE_FAMILY = "1,2";
				TEST_HOST = "$(BUILT_PRODUCTS_DIR)/MVP_imperative.app/MVP_imperative";
			};
			name = Release;
		};
		669E17B0273E8C82000FAB94 /* Debug */ = {
			isa = XCBuildConfiguration;
			buildSettings = {
				ALWAYS_EMBED_SWIFT_STANDARD_LIBRARIES = YES;
				CODE_SIGN_STYLE = Automatic;
				CURRENT_PROJECT_VERSION = 1;
				DEVELOPMENT_TEAM = 674895MZDB;
				GENERATE_INFOPLIST_FILE = YES;
				LD_RUNPATH_SEARCH_PATHS = (
					"$(inherited)",
					"@executable_path/Frameworks",
					"@loader_path/Frameworks",
				);
				MARKETING_VERSION = 1.0;
				PRODUCT_BUNDLE_IDENTIFIER = "com.valid.MVP-imperativeUITests";
				PRODUCT_NAME = "$(TARGET_NAME)";
				SWIFT_EMIT_LOC_STRINGS = NO;
				SWIFT_VERSION = 5.0;
				TARGETED_DEVICE_FAMILY = "1,2";
				TEST_TARGET_NAME = MVP_imperative;
			};
			name = Debug;
		};
		669E17B1273E8C82000FAB94 /* Release */ = {
			isa = XCBuildConfiguration;
			buildSettings = {
				ALWAYS_EMBED_SWIFT_STANDARD_LIBRARIES = YES;
				CODE_SIGN_STYLE = Automatic;
				CURRENT_PROJECT_VERSION = 1;
				DEVELOPMENT_TEAM = 674895MZDB;
				GENERATE_INFOPLIST_FILE = YES;
				LD_RUNPATH_SEARCH_PATHS = (
					"$(inherited)",
					"@executable_path/Frameworks",
					"@loader_path/Frameworks",
				);
				MARKETING_VERSION = 1.0;
				PRODUCT_BUNDLE_IDENTIFIER = "com.valid.MVP-imperativeUITests";
				PRODUCT_NAME = "$(TARGET_NAME)";
				SWIFT_EMIT_LOC_STRINGS = NO;
				SWIFT_VERSION = 5.0;
				TARGETED_DEVICE_FAMILY = "1,2";
				TEST_TARGET_NAME = MVP_imperative;
			};
			name = Release;
		};
/* End XCBuildConfiguration section */

/* Begin XCConfigurationList section */
		669E177A273E8C7D000FAB94 /* Build configuration list for PBXProject "MVP_imperative" */ = {
			isa = XCConfigurationList;
			buildConfigurations = (
				669E17A7273E8C82000FAB94 /* Debug */,
				669E17A8273E8C82000FAB94 /* Release */,
			);
			defaultConfigurationIsVisible = 0;
			defaultConfigurationName = Release;
		};
		669E17A9273E8C82000FAB94 /* Build configuration list for PBXNativeTarget "MVP_imperative" */ = {
			isa = XCConfigurationList;
			buildConfigurations = (
				669E17AA273E8C82000FAB94 /* Debug */,
				669E17AB273E8C82000FAB94 /* Release */,
			);
			defaultConfigurationIsVisible = 0;
			defaultConfigurationName = Release;
		};
		669E17AC273E8C82000FAB94 /* Build configuration list for PBXNativeTarget "MVP_imperativeTests" */ = {
			isa = XCConfigurationList;
			buildConfigurations = (
				669E17AD273E8C82000FAB94 /* Debug */,
				669E17AE273E8C82000FAB94 /* Release */,
			);
			defaultConfigurationIsVisible = 0;
			defaultConfigurationName = Release;
		};
		669E17AF273E8C82000FAB94 /* Build configuration list for PBXNativeTarget "MVP_imperativeUITests" */ = {
			isa = XCConfigurationList;
			buildConfigurations = (
				669E17B0273E8C82000FAB94 /* Debug */,
				669E17B1273E8C82000FAB94 /* Release */,
			);
			defaultConfigurationIsVisible = 0;
			defaultConfigurationName = Release;
		};
/* End XCConfigurationList section */
	};
	rootObject = 669E1777273E8C7D000FAB94 /* Project object */;
}
